
Microsoft Visual Studio Solution File, Format Version 12.00
# Visual Studio Version 17
VisualStudioVersion = 17.7.34221.43
MinimumVisualStudioVersion = 10.0.40219.1
Project("{9A19103F-16F7-4668-BE54-9A1E7A4F7556}") = "TareasWebAPI", "TareasWebAPI\TareasWebAPI.csproj", "{821601AA-8094-45BE-8711-02E7E5D30F04}"
EndProject
Project("{9A19103F-16F7-4668-BE54-9A1E7A4F7556}") = "RegistroTareasLogicaNegocio", "RegistroTareasLogicaNegocio\RegistroTareasLogicaNegocio.csproj", "{9C58ACB7-2973-4A65-9ADA-4B6E06040EE6}"
EndProject
Project("{9A19103F-16F7-4668-BE54-9A1E7A4F7556}") = "RegistroTareasAccesoDatos", "RegistroTareasAccesoDatos\RegistroTareasAccesoDatos.csproj", "{26A01821-3AE0-41A8-8CFE-CCE273A8138C}"
EndProject
Project("{9A19103F-16F7-4668-BE54-9A1E7A4F7556}") = "RegistroTareasEntities", "RegistroTareasEntities\RegistroTareasEntities.csproj", "{E52510D8-A71B-4C84-A3A5-83CA57BF9D55}"
EndProject
Project("{FAE04EC0-301F-11D3-BF4B-00C04F79EFBC}") = "RegistroTareasUtilities", "RegistroTareasUtilities\RegistroTareasUtilities.csproj", "{60BA9598-9B9F-4BDA-A938-39C0ED366251}"
EndProject
Global
	GlobalSection(SolutionConfigurationPlatforms) = preSolution
		Debug|Any CPU = Debug|Any CPU
		Release|Any CPU = Release|Any CPU
	EndGlobalSection
	GlobalSection(ProjectConfigurationPlatforms) = postSolution
		{821601AA-8094-45BE-8711-02E7E5D30F04}.Debug|Any CPU.ActiveCfg = Debug|Any CPU
		{821601AA-8094-45BE-8711-02E7E5D30F04}.Debug|Any CPU.Build.0 = Debug|Any CPU
		{821601AA-8094-45BE-8711-02E7E5D30F04}.Release|Any CPU.ActiveCfg = Release|Any CPU
		{821601AA-8094-45BE-8711-02E7E5D30F04}.Release|Any CPU.Build.0 = Release|Any CPU
		{9C58ACB7-2973-4A65-9ADA-4B6E06040EE6}.Debug|Any CPU.ActiveCfg = Debug|Any CPU
		{9C58ACB7-2973-4A65-9ADA-4B6E06040EE6}.Debug|Any CPU.Build.0 = Debug|Any CPU
		{9C58ACB7-2973-4A65-9ADA-4B6E06040EE6}.Release|Any CPU.ActiveCfg = Release|Any CPU
		{9C58ACB7-2973-4A65-9ADA-4B6E06040EE6}.Release|Any CPU.Build.0 = Release|Any CPU
		{26A01821-3AE0-41A8-8CFE-CCE273A8138C}.Debug|Any CPU.ActiveCfg = Debug|Any CPU
		{26A01821-3AE0-41A8-8CFE-CCE273A8138C}.Debug|Any CPU.Build.0 = Debug|Any CPU
		{26A01821-3AE0-41A8-8CFE-CCE273A8138C}.Release|Any CPU.ActiveCfg = Release|Any CPU
		{26A01821-3AE0-41A8-8CFE-CCE273A8138C}.Release|Any CPU.Build.0 = Release|Any CPU
		{E52510D8-A71B-4C84-A3A5-83CA57BF9D55}.Debug|Any CPU.ActiveCfg = Debug|Any CPU
		{E52510D8-A71B-4C84-A3A5-83CA57BF9D55}.Debug|Any CPU.Build.0 = Debug|Any CPU
		{E52510D8-A71B-4C84-A3A5-83CA57BF9D55}.Release|Any CPU.ActiveCfg = Release|Any CPU
		{E52510D8-A71B-4C84-A3A5-83CA57BF9D55}.Release|Any CPU.Build.0 = Release|Any CPU
		{60BA9598-9B9F-4BDA-A938-39C0ED366251}.Debug|Any CPU.ActiveCfg = Debug|Any CPU
		{60BA9598-9B9F-4BDA-A938-39C0ED366251}.Debug|Any CPU.Build.0 = Debug|Any CPU
		{60BA9598-9B9F-4BDA-A938-39C0ED366251}.Release|Any CPU.ActiveCfg = Release|Any CPU
		{60BA9598-9B9F-4BDA-A938-39C0ED366251}.Release|Any CPU.Build.0 = Release|Any CPU
	EndGlobalSection
	GlobalSection(SolutionProperties) = preSolution
		HideSolutionNode = FALSE
	EndGlobalSection
	GlobalSection(ExtensibilityGlobals) = postSolution
		SolutionGuid = {D286A7CB-6C10-4A25-B041-4118736809BC}
	EndGlobalSection
EndGlobal
